// !$*UTF8*$!
{
	archiveVersion = 1;
	classes = {
	};
	objectVersion = 50;
	objects = {

/* Begin PBXBuildFile section */
		BF7FAD7926EC48D70054EF8D /* AppDelegate.swift in Sources */ = {isa = PBXBuildFile; fileRef = BF7FAD7826EC48D70054EF8D /* AppDelegate.swift */; };
		BF7FAD7B26EC48D70054EF8D /* SceneDelegate.swift in Sources */ = {isa = PBXBuildFile; fileRef = BF7FAD7A26EC48D70054EF8D /* SceneDelegate.swift */; };
		BF7FAD7D26EC48D70054EF8D /* ViewController.swift in Sources */ = {isa = PBXBuildFile; fileRef = BF7FAD7C26EC48D70054EF8D /* ViewController.swift */; };
		BF7FAD8026EC48D70054EF8D /* Main.storyboard in Resources */ = {isa = PBXBuildFile; fileRef = BF7FAD7E26EC48D70054EF8D /* Main.storyboard */; };
		BF7FAD8226EC48D80054EF8D /* Assets.xcassets in Resources */ = {isa = PBXBuildFile; fileRef = BF7FAD8126EC48D80054EF8D /* Assets.xcassets */; };
		BF7FAD8526EC48D80054EF8D /* LaunchScreen.storyboard in Resources */ = {isa = PBXBuildFile; fileRef = BF7FAD8326EC48D80054EF8D /* LaunchScreen.storyboard */; };
		BFAD14AA26F0F8C9008056B7 /* RedViewController.swift in Sources */ = {isa = PBXBuildFile; fileRef = BFAD14A926F0F8C9008056B7 /* RedViewController.swift */; };
		BFAD14AC26F0F909008056B7 /* SignupViewController.swift in Sources */ = {isa = PBXBuildFile; fileRef = BFAD14AB26F0F909008056B7 /* SignupViewController.swift */; };
		BFAD14AE26F0F968008056B7 /* User.swift in Sources */ = {isa = PBXBuildFile; fileRef = BFAD14AD26F0F968008056B7 /* User.swift */; };
/* End PBXBuildFile section */

/* Begin PBXFileReference section */
		BF7FAD7526EC48D70054EF8D /* ViewSystem.app */ = {isa = PBXFileReference; explicitFileType = wrapper.application; includeInIndex = 0; path = ViewSystem.app; sourceTree = BUILT_PRODUCTS_DIR; };
		BF7FAD7826EC48D70054EF8D /* AppDelegate.swift */ = {isa = PBXFileReference; lastKnownFileType = sourcecode.swift; path = AppDelegate.swift; sourceTree = "<group>"; };
		BF7FAD7A26EC48D70054EF8D /* SceneDelegate.swift */ = {isa = PBXFileReference; lastKnownFileType = sourcecode.swift; path = SceneDelegate.swift; sourceTree = "<group>"; };
		BF7FAD7C26EC48D70054EF8D /* ViewController.swift */ = {isa = PBXFileReference; lastKnownFileType = sourcecode.swift; path = ViewController.swift; sourceTree = "<group>"; };
		BF7FAD7F26EC48D70054EF8D /* Base */ = {isa = PBXFileReference; lastKnownFileType = file.storyboard; name = Base; path = Base.lproj/Main.storyboard; sourceTree = "<group>"; };
		BF7FAD8126EC48D80054EF8D /* Assets.xcassets */ = {isa = PBXFileReference; lastKnownFileType = folder.assetcatalog; path = Assets.xcassets; sourceTree = "<group>"; };
		BF7FAD8426EC48D80054EF8D /* Base */ = {isa = PBXFileReference; lastKnownFileType = file.storyboard; name = Base; path = Base.lproj/LaunchScreen.storyboard; sourceTree = "<group>"; };
		BF7FAD8626EC48D80054EF8D /* Info.plist */ = {isa = PBXFileReference; lastKnownFileType = text.plist.xml; path = Info.plist; sourceTree = "<group>"; };
		BFAD14A926F0F8C9008056B7 /* RedViewController.swift */ = {isa = PBXFileReference; lastKnownFileType = sourcecode.swift; path = RedViewController.swift; sourceTree = "<group>"; };
		BFAD14AB26F0F909008056B7 /* SignupViewController.swift */ = {isa = PBXFileReference; lastKnownFileType = sourcecode.swift; path = SignupViewController.swift; sourceTree = "<group>"; };
		BFAD14AD26F0F968008056B7 /* User.swift */ = {isa = PBXFileReference; lastKnownFileType = sourcecode.swift; path = User.swift; sourceTree = "<group>"; };
/* End PBXFileReference section */

/* Begin PBXFrameworksBuildPhase section */
		BF7FAD7226EC48D70054EF8D /* Frameworks */ = {
			isa = PBXFrameworksBuildPhase;
			buildActionMask = 2147483647;
			files = (
			);
			runOnlyForDeploymentPostprocessing = 0;
		};
/* End PBXFrameworksBuildPhase section */

/* Begin PBXGroup section */
		BF7FAD6C26EC48D70054EF8D = {
			isa = PBXGroup;
			children = (
				BF7FAD7726EC48D70054EF8D /* ViewSystem */,
				BF7FAD7626EC48D70054EF8D /* Products */,
			);
			sourceTree = "<group>";
		};
		BF7FAD7626EC48D70054EF8D /* Products */ = {
			isa = PBXGroup;
			children = (
				BF7FAD7526EC48D70054EF8D /* ViewSystem.app */,
			);
			name = Products;
			sourceTree = "<group>";
		};
		BF7FAD7726EC48D70054EF8D /* ViewSystem */ = {
			isa = PBXGroup;
			children = (
				BF7FAD7826EC48D70054EF8D /* AppDelegate.swift */,
				BF7FAD7A26EC48D70054EF8D /* SceneDelegate.swift */,
				BF7FAD7C26EC48D70054EF8D /* ViewController.swift */,
				BF7FAD7E26EC48D70054EF8D /* Main.storyboard */,
				BFAD14AD26F0F968008056B7 /* User.swift */,
				BFAD14AB26F0F909008056B7 /* SignupViewController.swift */,
				BFAD14A926F0F8C9008056B7 /* RedViewController.swift */,
				BF7FAD8126EC48D80054EF8D /* Assets.xcassets */,
				BF7FAD8326EC48D80054EF8D /* LaunchScreen.storyboard */,
				BF7FAD8626EC48D80054EF8D /* Info.plist */,
			);
			path = ViewSystem;
			sourceTree = "<group>";
		};
/* End PBXGroup section */

/* Begin PBXNativeTarget section */
		BF7FAD7426EC48D70054EF8D /* ViewSystem */ = {
			isa = PBXNativeTarget;
			buildConfigurationList = BF7FAD8926EC48D80054EF8D /* Build configuration list for PBXNativeTarget "ViewSystem" */;
			buildPhases = (
				BF7FAD7126EC48D70054EF8D /* Sources */,
				BF7FAD7226EC48D70054EF8D /* Frameworks */,
				BF7FAD7326EC48D70054EF8D /* Resources */,
			);
			buildRules = (
			);
			dependencies = (
			);
			name = ViewSystem;
			productName = ViewSystem;
			productReference = BF7FAD7526EC48D70054EF8D /* ViewSystem.app */;
			productType = "com.apple.product-type.application";
		};
/* End PBXNativeTarget section */

/* Begin PBXProject section */
		BF7FAD6D26EC48D70054EF8D /* Project object */ = {
			isa = PBXProject;
			attributes = {
				LastSwiftUpdateCheck = 1250;
				LastUpgradeCheck = 1250;
				TargetAttributes = {
					BF7FAD7426EC48D70054EF8D = {
						CreatedOnToolsVersion = 12.5.1;
					};
				};
			};
			buildConfigurationList = BF7FAD7026EC48D70054EF8D /* Build configuration list for PBXProject "ViewSystem" */;
			compatibilityVersion = "Xcode 9.3";
			developmentRegion = en;
			hasScannedForEncodings = 0;
			knownRegions = (
				en,
				Base,
			);
			mainGroup = BF7FAD6C26EC48D70054EF8D;
			productRefGroup = BF7FAD7626EC48D70054EF8D /* Products */;
			projectDirPath = "";
			projectRoot = "";
			targets = (
				BF7FAD7426EC48D70054EF8D /* ViewSystem */,
			);
		};
/* End PBXProject section */

/* Begin PBXResourcesBuildPhase section */
		BF7FAD7326EC48D70054EF8D /* Resources */ = {
			isa = PBXResourcesBuildPhase;
			buildActionMask = 2147483647;
			files = (
				BF7FAD8526EC48D80054EF8D /* LaunchScreen.storyboard in Resources */,
				BF7FAD8226EC48D80054EF8D /* Assets.xcassets in Resources */,
				BF7FAD8026EC48D70054EF8D /* Main.storyboard in Resources */,
			);
			runOnlyForDeploymentPostprocessing = 0;
		};
/* End PBXResourcesBuildPhase section */

/* Begin PBXSourcesBuildPhase section */
		BF7FAD7126EC48D70054EF8D /* Sources */ = {
			isa = PBXSourcesBuildPhase;
			buildActionMask = 2147483647;
			files = (
				BFAD14AA26F0F8C9008056B7 /* RedViewController.swift in Sources */,
				BF7FAD7D26EC48D70054EF8D /* ViewController.swift in Sources */,
				BFAD14AE26F0F968008056B7 /* User.swift in Sources */,
				BFAD14AC26F0F909008056B7 /* SignupViewController.swift in Sources */,
				BF7FAD7926EC48D70054EF8D /* AppDelegate.swift in Sources */,
				BF7FAD7B26EC48D70054EF8D /* SceneDelegate.swift in Sources */,
			);
			runOnlyForDeploymentPostprocessing = 0;
		};
/* End PBXSourcesBuildPhase section */

/* Begin PBXVariantGroup section */
		BF7FAD7E26EC48D70054EF8D /* Main.storyboard */ = {
			isa = PBXVariantGroup;
			children = (
				BF7FAD7F26EC48D70054EF8D /* Base */,
			);
			name = Main.storyboard;
			sourceTree = "<group>";
		};
		BF7FAD8326EC48D80054EF8D /* LaunchScreen.storyboard */ = {
			isa = PBXVariantGroup;
			children = (
				BF7FAD8426EC48D80054EF8D /* Base */,
			);
			name = LaunchScreen.storyboard;
			sourceTree = "<group>";
		};
/* End PBXVariantGroup section */

/* Begin XCBuildConfiguration section */
		BF7FAD8726EC48D80054EF8D /* Debug */ = {
			isa = XCBuildConfiguration;
			buildSettings = {
				ALWAYS_SEARCH_USER_PATHS = NO;
				CLANG_ANALYZER_NONNULL = YES;
				CLANG_ANALYZER_NUMBER_OBJECT_CONVERSION = YES_AGGRESSIVE;
				CLANG_CXX_LANGUAGE_STANDARD = "gnu++14";
				CLANG_CXX_LIBRARY = "libc++";
				CLANG_ENABLE_MODULES = YES;
				CLANG_ENABLE_OBJC_ARC = YES;
				CLANG_ENABLE_OBJC_WEAK = YES;
				CLANG_WARN_BLOCK_CAPTURE_AUTORELEASING = YES;
				CLANG_WARN_BOOL_CONVERSION = YES;
				CLANG_WARN_COMMA = YES;
				CLANG_WARN_CONSTANT_CONVERSION = YES;
				CLANG_WARN_DEPRECATED_OBJC_IMPLEMENTATIONS = YES;
				CLANG_WARN_DIRECT_OBJC_ISA_USAGE = YES_ERROR;
				CLANG_WARN_DOCUMENTATION_COMMENTS = YES;
				CLANG_WARN_EMPTY_BODY = YES;
				CLANG_WARN_ENUM_CONVERSION = YES;
				CLANG_WARN_INFINITE_RECURSION = YES;
				CLANG_WARN_INT_CONVERSION = YES;
				CLANG_WARN_NON_LITERAL_NULL_CONVERSION = YES;
				CLANG_WARN_OBJC_IMPLICIT_RETAIN_SELF = YES;
				CLANG_WARN_OBJC_LITERAL_CONVERSION = YES;
				CLANG_WARN_OBJC_ROOT_CLASS = YES_ERROR;
				CLANG_WARN_QUOTED_INCLUDE_IN_FRAMEWORK_HEADER = YES;
				CLANG_WARN_RANGE_LOOP_ANALYSIS = YES;
				CLANG_WARN_STRICT_PROTOTYPES = YES;
				CLANG_WARN_SUSPICIOUS_MOVE = YES;
				CLANG_WARN_UNGUARDED_AVAILABILITY = YES_AGGRESSIVE;
				CLANG_WARN_UNREACHABLE_CODE = YES;
				CLANG_WARN__DUPLICATE_METHOD_MATCH = YES;
				COPY_PHASE_STRIP = NO;
				DEBUG_INFORMATION_FORMAT = dwarf;
				ENABLE_STRICT_OBJC_MSGSEND = YES;
				ENABLE_TESTABILITY = YES;
				GCC_C_LANGUAGE_STANDARD = gnu11;
				GCC_DYNAMIC_NO_PIC = NO;
				GCC_NO_COMMON_BLOCKS = YES;
				GCC_OPTIMIZATION_LEVEL = 0;
				GCC_PREPROCESSOR_DEFINITIONS = (
					"DEBUG=1",
					"$(inherited)",
				);
				GCC_WARN_64_TO_32_BIT_CONVERSION = YES;
				GCC_WARN_ABOUT_RETURN_TYPE = YES_ERROR;
				GCC_WARN_UNDECLARED_SELECTOR = YES;
				GCC_WARN_UNINITIALIZED_AUTOS = YES_AGGRESSIVE;
				GCC_WARN_UNUSED_FUNCTION = YES;
				GCC_WARN_UNUSED_VARIABLE = YES;
				IPHONEOS_DEPLOYMENT_TARGET = 14.5;
				MTL_ENABLE_DEBUG_INFO = INCLUDE_SOURCE;
				MTL_FAST_MATH = YES;
				ONLY_ACTIVE_ARCH = YES;
				SDKROOT = iphoneos;
				SWIFT_ACTIVE_COMPILATION_CONDITIONS = DEBUG;
				SWIFT_OPTIMIZATION_LEVEL = "-Onone";
			};
			name = Debug;
		};
		BF7FAD8826EC48D80054EF8D /* Release */ = {
			isa = XCBuildConfiguration;
			buildSettings = {
				ALWAYS_SEARCH_USER_PATHS = NO;
				CLANG_ANALYZER_NONNULL = YES;
				CLANG_ANALYZER_NUMBER_OBJECT_CONVERSION = YES_AGGRESSIVE;
				CLANG_CXX_LANGUAGE_STANDARD = "gnu++14";
				CLANG_CXX_LIBRARY = "libc++";
				CLANG_ENABLE_MODULES = YES;
				CLANG_ENABLE_OBJC_ARC = YES;
				CLANG_ENABLE_OBJC_WEAK = YES;
				CLANG_WARN_BLOCK_CAPTURE_AUTORELEASING = YES;
				CLANG_WARN_BOOL_CONVERSION = YES;
				CLANG_WARN_COMMA = YES;
				CLANG_WARN_CONSTANT_CONVERSION = YES;
				CLANG_WARN_DEPRECATED_OBJC_IMPLEMENTATIONS = YES;
				CLANG_WARN_DIRECT_OBJC_ISA_USAGE = YES_ERROR;
				CLANG_WARN_DOCUMENTATION_COMMENTS = YES;
				CLANG_WARN_EMPTY_BODY = YES;
				CLANG_WARN_ENUM_CONVERSION = YES;
				CLANG_WARN_INFINITE_RECURSION = YES;
				CLANG_WARN_INT_CONVERSION = YES;
				CLANG_WARN_NON_LITERAL_NULL_CONVERSION = YES;
				CLANG_WARN_OBJC_IMPLICIT_RETAIN_SELF = YES;
				CLANG_WARN_OBJC_LITERAL_CONVERSION = YES;
				CLANG_WARN_OBJC_ROOT_CLASS = YES_ERROR;
				CLANG_WARN_QUOTED_INCLUDE_IN_FRAMEWORK_HEADER = YES;
				CLANG_WARN_RANGE_LOOP_ANALYSIS = YES;
				CLANG_WARN_STRICT_PROTOTYPES = YES;
				CLANG_WARN_SUSPICIOUS_MOVE = YES;
				CLANG_WARN_UNGUARDED_AVAILABILITY = YES_AGGRESSIVE;
				CLANG_WARN_UNREACHABLE_CODE = YES;
				CLANG_WARN__DUPLICATE_METHOD_MATCH = YES;
				COPY_PHASE_STRIP = NO;
				DEBUG_INFORMATION_FORMAT = "dwarf-with-dsym";
				ENABLE_NS_ASSERTIONS = NO;
				ENABLE_STRICT_OBJC_MSGSEND = YES;
				GCC_C_LANGUAGE_STANDARD = gnu11;
				GCC_NO_COMMON_BLOCKS = YES;
				GCC_WARN_64_TO_32_BIT_CONVERSION = YES;
				GCC_WARN_ABOUT_RETURN_TYPE = YES_ERROR;
				GCC_WARN_UNDECLARED_SELECTOR = YES;
				GCC_WARN_UNINITIALIZED_AUTOS = YES_AGGRESSIVE;
				GCC_WARN_UNUSED_FUNCTION = YES;
				GCC_WARN_UNUSED_VARIABLE = YES;
				IPHONEOS_DEPLOYMENT_TARGET = 14.5;
				MTL_ENABLE_DEBUG_INFO = NO;
				MTL_FAST_MATH = YES;
				SDKROOT = iphoneos;
				SWIFT_COMPILATION_MODE = wholemodule;
				SWIFT_OPTIMIZATION_LEVEL = "-O";
				VALIDATE_PRODUCT = YES;
			};
			name = Release;
		};
		BF7FAD8A26EC48D80054EF8D /* Debug */ = {
			isa = XCBuildConfiguration;
			buildSettings = {
				ASSETCATALOG_COMPILER_APPICON_NAME = AppIcon;
				ASSETCATALOG_COMPILER_GLOBAL_ACCENT_COLOR_NAME = AccentColor;
				CODE_SIGN_STYLE = Automatic;
				DEVELOPMENT_TEAM = 7D5PZJWQ9T;
				INFOPLIST_FILE = ViewSystem/Info.plist;
				LD_RUNPATH_SEARCH_PATHS = (
					"$(inherited)",
					"@executable_path/Frameworks",
				);
				PRODUCT_BUNDLE_IDENTIFIER = cnu.cse.dayo2n.ViewSystem;
				PRODUCT_NAME = "$(TARGET_NAME)";
				SWIFT_VERSION = 5.0;
				TARGETED_DEVICE_FAMILY = "1,2";
			};
			name = Debug;
		};
		BF7FAD8B26EC48D80054EF8D /* Release */ = {
			isa = XCBuildConfiguration;
			buildSettings = {
				ASSETCATALOG_COMPILER_APPICON_NAME = AppIcon;
				ASSETCATALOG_COMPILER_GLOBAL_ACCENT_COLOR_NAME = AccentColor;
				CODE_SIGN_STYLE = Automatic;
				DEVELOPMENT_TEAM = 7D5PZJWQ9T;
				INFOPLIST_FILE = ViewSystem/Info.plist;
				LD_RUNPATH_SEARCH_PATHS = (
					"$(inherited)",
					"@executable_path/Frameworks",
				);
				PRODUCT_BUNDLE_IDENTIFIER = cnu.cse.dayo2n.ViewSystem;
				PRODUCT_NAME = "$(TARGET_NAME)";
				SWIFT_VERSION = 5.0;
				TARGETED_DEVICE_FAMILY = "1,2";
			};
			name = Release;
		};
/* End XCBuildConfiguration section */

/* Begin XCConfigurationList section */
		BF7FAD7026EC48D70054EF8D /* Build configuration list for PBXProject "ViewSystem" */ = {
			isa = XCConfigurationList;
			buildConfigurations = (
				BF7FAD8726EC48D80054EF8D /* Debug */,
				BF7FAD8826EC48D80054EF8D /* Release */,
			);
			defaultConfigurationIsVisible = 0;
			defaultConfigurationName = Release;
		};
		BF7FAD8926EC48D80054EF8D /* Build configuration list for PBXNativeTarget "ViewSystem" */ = {
			isa = XCConfigurationList;
			buildConfigurations = (
				BF7FAD8A26EC48D80054EF8D /* Debug */,
				BF7FAD8B26EC48D80054EF8D /* Release */,
			);
			defaultConfigurationIsVisible = 0;
			defaultConfigurationName = Release;
		};
/* End XCConfigurationList section */
	};
	rootObject = BF7FAD6D26EC48D70054EF8D /* Project object */;
}
